
Microsoft Visual Studio Solution File, Format Version 12.00
# Visual Studio Version 17
VisualStudioVersion = 17.0.32112.339
MinimumVisualStudioVersion = 10.0.40219.1
Project("{FAE04EC0-301F-11D3-BF4B-00C04F79EFBC}") = "RecurringTasks", "RecurringTasks\RecurringTasks.csproj", "{207F4098-9806-423F-8DBE-D0E27349FD40}"
EndProject
Global
	GlobalSection(SolutionConfigurationPlatforms) = preSolution
		Debug|Any CPU = Debug|Any CPU
		Release|Any CPU = Release|Any CPU
	EndGlobalSection
	GlobalSection(ProjectConfigurationPlatforms) = postSolution
		{207F4098-9806-423F-8DBE-D0E27349FD40}.Debug|Any CPU.ActiveCfg = Debug|Any CPU
		{207F4098-9806-423F-8DBE-D0E27349FD40}.Debug|Any CPU.Build.0 = Debug|Any CPU
		{207F4098-9806-423F-8DBE-D0E27349FD40}.Release|Any CPU.ActiveCfg = Release|Any CPU
		{207F4098-9806-423F-8DBE-D0E27349FD40}.Release|Any CPU.Build.0 = Release|Any CPU
	EndGlobalSection
	GlobalSection(SolutionProperties) = preSolution
		HideSolutionNode = FALSE
	EndGlobalSection
	GlobalSection(ExtensibilityGlobals) = postSolution
		SolutionGuid = {C455D4C7-B226-4FA5-A598-03310C9F3CA9}
	EndGlobalSection
EndGlobal
